
Microsoft Visual Studio Solution File, Format Version 12.00
# Visual Studio Version 17
VisualStudioVersion = 17.0.31612.314
MinimumVisualStudioVersion = 10.0.40219.1
Project("{9A19103F-16F7-4668-BE54-9A1E7A4F7556}") = "RollCall.Persistence", "RollCall.Dao\RollCall.Persistence.csproj", "{D9EF7741-BBBC-4C81-9426-37D7A373738B}"
EndProject
Project("{9A19103F-16F7-4668-BE54-9A1E7A4F7556}") = "RollCall.Dto", "RollCall.Dto\RollCall.Dto.csproj", "{F9F21459-11B3-42DE-804F-8AF403AA3143}"
EndProject
Project("{9A19103F-16F7-4668-BE54-9A1E7A4F7556}") = "RollCall.BusinessLayer", "RollCall.BusinessLayer\RollCall.BusinessLayer.csproj", "{44CA74AF-F28D-4626-AF15-0FA1F1F6C1AC}"
EndProject
Project("{9A19103F-16F7-4668-BE54-9A1E7A4F7556}") = "RollCall.Services", "RollCall.Services\RollCall.Services.csproj", "{7DD40272-D893-4C93-9424-1508D276473F}"
EndProject
Project("{9A19103F-16F7-4668-BE54-9A1E7A4F7556}") = "RollCall.Mvc", "RollCall.Mvc\RollCall.Mvc.csproj", "{E5D7BE8B-1F81-4E6A-A921-FC9456B6FB0E}"
EndProject
Project("{9A19103F-16F7-4668-BE54-9A1E7A4F7556}") = "RollCall.WsApi", "RollCall.WsApi\RollCall.WsApi.csproj", "{F3AFF04C-FB86-4338-AF50-7ECEEB4B15C7}"
EndProject
Project("{9A19103F-16F7-4668-BE54-9A1E7A4F7556}") = "RollCall.Angular", "RollCall.Angular\RollCall.Angular.csproj", "{2DDADDC8-2330-4057-BEEB-61B3AD1FCA85}"
EndProject
Project("{9A19103F-16F7-4668-BE54-9A1E7A4F7556}") = "RollCall.AngularV2", "RollCall.AngularV2\RollCall.AngularV2.csproj", "{AFFAA6C9-75E6-4EC2-8EF2-B2DB26A515FD}"
EndProject
Project("{9A19103F-16F7-4668-BE54-9A1E7A4F7556}") = "RollCall.Test", "RollCall.Test\RollCall.Test.csproj", "{3AECFD98-4730-4B09-89EF-9687BD06F41E}"
EndProject
Project("{2150E333-8FDC-42A3-9474-1A3956D46DE8}") = "docs", "docs", "{62750EEB-34FC-4EB3-928D-A12A94EABB93}"
	ProjectSection(SolutionItems) = preProject
		index.html = index.html
	EndProjectSection
EndProject
Global
	GlobalSection(SolutionConfigurationPlatforms) = preSolution
		Debug|Any CPU = Debug|Any CPU
		Release|Any CPU = Release|Any CPU
	EndGlobalSection
	GlobalSection(ProjectConfigurationPlatforms) = postSolution
		{D9EF7741-BBBC-4C81-9426-37D7A373738B}.Debug|Any CPU.ActiveCfg = Debug|Any CPU
		{D9EF7741-BBBC-4C81-9426-37D7A373738B}.Debug|Any CPU.Build.0 = Debug|Any CPU
		{D9EF7741-BBBC-4C81-9426-37D7A373738B}.Release|Any CPU.ActiveCfg = Release|Any CPU
		{D9EF7741-BBBC-4C81-9426-37D7A373738B}.Release|Any CPU.Build.0 = Release|Any CPU
		{F9F21459-11B3-42DE-804F-8AF403AA3143}.Debug|Any CPU.ActiveCfg = Debug|Any CPU
		{F9F21459-11B3-42DE-804F-8AF403AA3143}.Debug|Any CPU.Build.0 = Debug|Any CPU
		{F9F21459-11B3-42DE-804F-8AF403AA3143}.Release|Any CPU.ActiveCfg = Release|Any CPU
		{F9F21459-11B3-42DE-804F-8AF403AA3143}.Release|Any CPU.Build.0 = Release|Any CPU
		{44CA74AF-F28D-4626-AF15-0FA1F1F6C1AC}.Debug|Any CPU.ActiveCfg = Debug|Any CPU
		{44CA74AF-F28D-4626-AF15-0FA1F1F6C1AC}.Debug|Any CPU.Build.0 = Debug|Any CPU
		{44CA74AF-F28D-4626-AF15-0FA1F1F6C1AC}.Release|Any CPU.ActiveCfg = Release|Any CPU
		{44CA74AF-F28D-4626-AF15-0FA1F1F6C1AC}.Release|Any CPU.Build.0 = Release|Any CPU
		{7DD40272-D893-4C93-9424-1508D276473F}.Debug|Any CPU.ActiveCfg = Debug|Any CPU
		{7DD40272-D893-4C93-9424-1508D276473F}.Debug|Any CPU.Build.0 = Debug|Any CPU
		{7DD40272-D893-4C93-9424-1508D276473F}.Release|Any CPU.ActiveCfg = Release|Any CPU
		{7DD40272-D893-4C93-9424-1508D276473F}.Release|Any CPU.Build.0 = Release|Any CPU
		{E5D7BE8B-1F81-4E6A-A921-FC9456B6FB0E}.Debug|Any CPU.ActiveCfg = Debug|Any CPU
		{E5D7BE8B-1F81-4E6A-A921-FC9456B6FB0E}.Debug|Any CPU.Build.0 = Debug|Any CPU
		{E5D7BE8B-1F81-4E6A-A921-FC9456B6FB0E}.Release|Any CPU.ActiveCfg = Release|Any CPU
		{E5D7BE8B-1F81-4E6A-A921-FC9456B6FB0E}.Release|Any CPU.Build.0 = Release|Any CPU
		{F3AFF04C-FB86-4338-AF50-7ECEEB4B15C7}.Debug|Any CPU.ActiveCfg = Debug|Any CPU
		{F3AFF04C-FB86-4338-AF50-7ECEEB4B15C7}.Debug|Any CPU.Build.0 = Debug|Any CPU
		{F3AFF04C-FB86-4338-AF50-7ECEEB4B15C7}.Release|Any CPU.ActiveCfg = Release|Any CPU
		{F3AFF04C-FB86-4338-AF50-7ECEEB4B15C7}.Release|Any CPU.Build.0 = Release|Any CPU
		{2DDADDC8-2330-4057-BEEB-61B3AD1FCA85}.Debug|Any CPU.ActiveCfg = Debug|Any CPU
		{2DDADDC8-2330-4057-BEEB-61B3AD1FCA85}.Debug|Any CPU.Build.0 = Debug|Any CPU
		{2DDADDC8-2330-4057-BEEB-61B3AD1FCA85}.Release|Any CPU.ActiveCfg = Release|Any CPU
		{2DDADDC8-2330-4057-BEEB-61B3AD1FCA85}.Release|Any CPU.Build.0 = Release|Any CPU
		{AFFAA6C9-75E6-4EC2-8EF2-B2DB26A515FD}.Debug|Any CPU.ActiveCfg = Debug|Any CPU
		{AFFAA6C9-75E6-4EC2-8EF2-B2DB26A515FD}.Debug|Any CPU.Build.0 = Debug|Any CPU
		{AFFAA6C9-75E6-4EC2-8EF2-B2DB26A515FD}.Release|Any CPU.ActiveCfg = Release|Any CPU
		{AFFAA6C9-75E6-4EC2-8EF2-B2DB26A515FD}.Release|Any CPU.Build.0 = Release|Any CPU
		{3AECFD98-4730-4B09-89EF-9687BD06F41E}.Debug|Any CPU.ActiveCfg = Debug|Any CPU
		{3AECFD98-4730-4B09-89EF-9687BD06F41E}.Debug|Any CPU.Build.0 = Debug|Any CPU
		{3AECFD98-4730-4B09-89EF-9687BD06F41E}.Release|Any CPU.ActiveCfg = Release|Any CPU
		{3AECFD98-4730-4B09-89EF-9687BD06F41E}.Release|Any CPU.Build.0 = Release|Any CPU
	EndGlobalSection
	GlobalSection(SolutionProperties) = preSolution
		HideSolutionNode = FALSE
	EndGlobalSection
	GlobalSection(ExtensibilityGlobals) = postSolution
		SolutionGuid = {9AD33613-E11F-40A4-8534-1F6C4741FE75}
	EndGlobalSection
EndGlobal
